
Microsoft Visual Studio Solution File, Format Version 11.00
# Visual Studio 2010
Project("{FAE04EC0-301F-11D3-BF4B-00C04F79EFBC}") = "BundleHelper", "BundleHelper\BundleHelper.csproj", "{0D79259A-B240-4493-B868-94713C1ED278}"
EndProject
Project("{FAE04EC0-301F-11D3-BF4B-00C04F79EFBC}") = "BundleHelper Test", "BundleHelper Test\BundleHelper Test.csproj", "{DC1B00A7-F652-4416-9B1F-C5E638153593}"
EndProject
Global
	GlobalSection(SolutionConfigurationPlatforms) = preSolution
		Debug|Any CPU = Debug|Any CPU
		Release|Any CPU = Release|Any CPU
	EndGlobalSection
	GlobalSection(ProjectConfigurationPlatforms) = postSolution
		{0D79259A-B240-4493-B868-94713C1ED278}.Debug|Any CPU.ActiveCfg = Debug|Any CPU
		{0D79259A-B240-4493-B868-94713C1ED278}.Release|Any CPU.ActiveCfg = Release|Any CPU
		{0D79259A-B240-4493-B868-94713C1ED278}.Release|Any CPU.Build.0 = Release|Any CPU
		{DC1B00A7-F652-4416-9B1F-C5E638153593}.Debug|Any CPU.ActiveCfg = Debug|Any CPU
		{DC1B00A7-F652-4416-9B1F-C5E638153593}.Release|Any CPU.ActiveCfg = Release|Any CPU
		{DC1B00A7-F652-4416-9B1F-C5E638153593}.Release|Any CPU.Build.0 = Release|Any CPU
	EndGlobalSection
	GlobalSection(SolutionProperties) = preSolution
		HideSolutionNode = FALSE
	EndGlobalSection
EndGlobal
